dependencies:
- name: frontend
  repository: file://charts/frontend
  version: 0.1.0
- name: productcatalogservice
  repository: file://charts/productcatalogservice
  version: 0.1.0
- name: cartservice
  repository: file://charts/cartservice
  version: 0.1.0
- name: redis-cart
  repository: file://charts/redis-cart
  version: 0.1.0
- name: currencyservice
  repository: file://charts/currencyservice
  version: 0.1.0
- name: shippingservice
  repository: file://charts/shippingservice
  version: 0.1.0
digest: sha256:0fc92de795a5d5304b7b57f8841379a1746dcadc511530b0fec6e7c707799563
generated: "2026-01-31T15:51:48.7057761+03:00"
